PODS:
  - Alamofire (5.6.1)
  - Kingfisher (7.2.1)
  - SVProgressHUD (2.2.5)

DEPENDENCIES:
  - Alamofire
  - Kingfisher
  - SVProgressHUD

SPEC REPOS:
  trunk:
    - Alamofire
    - Kingfisher
    - SVProgressHUD

SPEC CHECKSUMS:
  Alamofire: 87bd8c952f9a4454320fce00d9cc3de57bcadaf5
  Kingfisher: 7c084bebf7d548c623ad41bcf765fb200efed369
  SVProgressHUD: 1428aafac632c1f86f62aa4243ec12008d7a51d6

PODFILE CHECKSUM: 7a570a7eaac7293f04c3b37c6d708f611ee33dee

COCOAPODS: 1.11.2
